// !$*UTF8*$!
{
	archiveVersion = 1;
	classes = {
	};
	objectVersion = 46;
	objects = {

/* Begin PBXBuildFile section */
		BDBE099E1BF8B4DB0077D9EA /* POICustomViewActionSheet.m in Sources */ = {isa = PBXBuildFile; fileRef = BDBE099D1BF8B4DB0077D9EA /* POICustomViewActionSheet.m */; };
		BDBE09A21BF8B6C90077D9EA /* POICustomActionSheetViewController.m in Sources */ = {isa = PBXBuildFile; fileRef = BDBE09A11BF8B6C90077D9EA /* POICustomActionSheetViewController.m */; };
		BDFA00511BF8A31800464F24 /* main.m in Sources */ = {isa = PBXBuildFile; fileRef = BDFA00501BF8A31800464F24 /* main.m */; };
		BDFA00541BF8A31800464F24 /* AppDelegate.m in Sources */ = {isa = PBXBuildFile; fileRef = BDFA00531BF8A31800464F24 /* AppDelegate.m */; };
		BDFA00571BF8A31800464F24 /* ViewController.m in Sources */ = {isa = PBXBuildFile; fileRef = BDFA00561BF8A31800464F24 /* ViewController.m */; };
		BDFA005A1BF8A31800464F24 /* Main.storyboard in Resources */ = {isa = PBXBuildFile; fileRef = BDFA00581BF8A31800464F24 /* Main.storyboard */; };
		BDFA005C1BF8A31800464F24 /* Assets.xcassets in Resources */ = {isa = PBXBuildFile; fileRef = BDFA005B1BF8A31800464F24 /* Assets.xcassets */; };
		BDFA005F1BF8A31800464F24 /* LaunchScreen.storyboard in Resources */ = {isa = PBXBuildFile; fileRef = BDFA005D1BF8A31800464F24 /* LaunchScreen.storyboard */; };
		BDFA00681BF8A6E200464F24 /* POIBaseActionSheet.m in Sources */ = {isa = PBXBuildFile; fileRef = BDFA00671BF8A6E200464F24 /* POIBaseActionSheet.m */; };
		BDFA006F1BF8A71500464F24 /* POIButtonActionSheet.m in Sources */ = {isa = PBXBuildFile; fileRef = BDFA006B1BF8A71500464F24 /* POIButtonActionSheet.m */; };
		BDFA00751BF8ABA800464F24 /* POIButtonActionSheetController.m in Sources */ = {isa = PBXBuildFile; fileRef = BDFA00741BF8ABA800464F24 /* POIButtonActionSheetController.m */; };
/* End PBXBuildFile section */

/* Begin PBXFileReference section */
		BDBE099C1BF8B4DB0077D9EA /* POICustomViewActionSheet.h */ = {isa = PBXFileReference; fileEncoding = 4; lastKnownFileType = sourcecode.c.h; path = POICustomViewActionSheet.h; sourceTree = "<group>"; };
		BDBE099D1BF8B4DB0077D9EA /* POICustomViewActionSheet.m */ = {isa = PBXFileReference; fileEncoding = 4; lastKnownFileType = sourcecode.c.objc; path = POICustomViewActionSheet.m; sourceTree = "<group>"; };
		BDBE09A01BF8B6C90077D9EA /* POICustomActionSheetViewController.h */ = {isa = PBXFileReference; fileEncoding = 4; lastKnownFileType = sourcecode.c.h; path = POICustomActionSheetViewController.h; sourceTree = "<group>"; };
		BDBE09A11BF8B6C90077D9EA /* POICustomActionSheetViewController.m */ = {isa = PBXFileReference; fileEncoding = 4; lastKnownFileType = sourcecode.c.objc; path = POICustomActionSheetViewController.m; sourceTree = "<group>"; };
		BDFA004C1BF8A31800464F24 /* POIActionSheet.app */ = {isa = PBXFileReference; explicitFileType = wrapper.application; includeInIndex = 0; path = POIActionSheet.app; sourceTree = BUILT_PRODUCTS_DIR; };
		BDFA00501BF8A31800464F24 /* main.m */ = {isa = PBXFileReference; lastKnownFileType = sourcecode.c.objc; path = main.m; sourceTree = "<group>"; };
		BDFA00521BF8A31800464F24 /* AppDelegate.h */ = {isa = PBXFileReference; lastKnownFileType = sourcecode.c.h; path = AppDelegate.h; sourceTree = "<group>"; };
		BDFA00531BF8A31800464F24 /* AppDelegate.m */ = {isa = PBXFileReference; lastKnownFileType = sourcecode.c.objc; path = AppDelegate.m; sourceTree = "<group>"; };
		BDFA00551BF8A31800464F24 /* ViewController.h */ = {isa = PBXFileReference; lastKnownFileType = sourcecode.c.h; path = ViewController.h; sourceTree = "<group>"; };
		BDFA00561BF8A31800464F24 /* ViewController.m */ = {isa = PBXFileReference; lastKnownFileType = sourcecode.c.objc; path = ViewController.m; sourceTree = "<group>"; };
		BDFA00591BF8A31800464F24 /* Base */ = {isa = PBXFileReference; lastKnownFileType = file.storyboard; name = Base; path = Base.lproj/Main.storyboard; sourceTree = "<group>"; };
		BDFA005B1BF8A31800464F24 /* Assets.xcassets */ = {isa = PBXFileReference; lastKnownFileType = folder.assetcatalog; path = Assets.xcassets; sourceTree = "<group>"; };
		BDFA005E1BF8A31800464F24 /* Base */ = {isa = PBXFileReference; lastKnownFileType = file.storyboard; name = Base; path = Base.lproj/LaunchScreen.storyboard; sourceTree = "<group>"; };
		BDFA00601BF8A31800464F24 /* Info.plist */ = {isa = PBXFileReference; lastKnownFileType = text.plist.xml; path = Info.plist; sourceTree = "<group>"; };
		BDFA00661BF8A6E200464F24 /* POIBaseActionSheet.h */ = {isa = PBXFileReference; fileEncoding = 4; lastKnownFileType = sourcecode.c.h; path = POIBaseActionSheet.h; sourceTree = "<group>"; };
		BDFA00671BF8A6E200464F24 /* POIBaseActionSheet.m */ = {isa = PBXFileReference; fileEncoding = 4; lastKnownFileType = sourcecode.c.objc; path = POIBaseActionSheet.m; sourceTree = "<group>"; };
		BDFA006A1BF8A71500464F24 /* POIButtonActionSheet.h */ = {isa = PBXFileReference; fileEncoding = 4; lastKnownFileType = sourcecode.c.h; path = POIButtonActionSheet.h; sourceTree = "<group>"; };
		BDFA006B1BF8A71500464F24 /* POIButtonActionSheet.m */ = {isa = PBXFileReference; fileEncoding = 4; lastKnownFileType = sourcecode.c.objc; path = POIButtonActionSheet.m; sourceTree = "<group>"; };
		BDFA00731BF8ABA800464F24 /* POIButtonActionSheetController.h */ = {isa = PBXFileReference; fileEncoding = 4; lastKnownFileType = sourcecode.c.h; path = POIButtonActionSheetController.h; sourceTree = "<group>"; };
		BDFA00741BF8ABA800464F24 /* POIButtonActionSheetController.m */ = {isa = PBXFileReference; fileEncoding = 4; lastKnownFileType = sourcecode.c.objc; path = POIButtonActionSheetController.m; sourceTree = "<group>"; };
/* End PBXFileReference section */

/* Begin PBXFrameworksBuildPhase section */
		BDFA00491BF8A31800464F24 /* Frameworks */ = {
			isa = PBXFrameworksBuildPhase;
			buildActionMask = 2147483647;
			files = (
			);
			runOnlyForDeploymentPostprocessing = 0;
		};
/* End PBXFrameworksBuildPhase section */

/* Begin PBXGroup section */
		BDBE099F1BF8B4E40077D9EA /* Custom */ = {
			isa = PBXGroup;
			children = (
				BDBE099C1BF8B4DB0077D9EA /* POICustomViewActionSheet.h */,
				BDBE099D1BF8B4DB0077D9EA /* POICustomViewActionSheet.m */,
			);
			name = Custom;
			sourceTree = "<group>";
		};
		BDFA00431BF8A31800464F24 = {
			isa = PBXGroup;
			children = (
				BDFA004E1BF8A31800464F24 /* POIActionSheet */,
				BDFA004D1BF8A31800464F24 /* Products */,
			);
			sourceTree = "<group>";
		};
		BDFA004D1BF8A31800464F24 /* Products */ = {
			isa = PBXGroup;
			children = (
				BDFA004C1BF8A31800464F24 /* POIActionSheet.app */,
			);
			name = Products;
			sourceTree = "<group>";
		};
		BDFA004E1BF8A31800464F24 /* POIActionSheet */ = {
			isa = PBXGroup;
			children = (
				BDBE099F1BF8B4E40077D9EA /* Custom */,
				BDFA00721BF8AB4000464F24 /* Controllers */,
				BDFA00691BF8A6E700464F24 /* sheet */,
				BDFA00521BF8A31800464F24 /* AppDelegate.h */,
				BDFA00531BF8A31800464F24 /* AppDelegate.m */,
				BDFA00551BF8A31800464F24 /* ViewController.h */,
				BDFA00561BF8A31800464F24 /* ViewController.m */,
				BDFA00581BF8A31800464F24 /* Main.storyboard */,
				BDFA005B1BF8A31800464F24 /* Assets.xcassets */,
				BDFA005D1BF8A31800464F24 /* LaunchScreen.storyboard */,
				BDFA00601BF8A31800464F24 /* Info.plist */,
				BDFA004F1BF8A31800464F24 /* Supporting Files */,
			);
			path = POIActionSheet;
			sourceTree = "<group>";
		};
		BDFA004F1BF8A31800464F24 /* Supporting Files */ = {
			isa = PBXGroup;
			children = (
				BDFA00501BF8A31800464F24 /* main.m */,
			);
			name = "Supporting Files";
			sourceTree = "<group>";
		};
		BDFA00691BF8A6E700464F24 /* sheet */ = {
			isa = PBXGroup;
			children = (
				BDFA006A1BF8A71500464F24 /* POIButtonActionSheet.h */,
				BDFA006B1BF8A71500464F24 /* POIButtonActionSheet.m */,
				BDFA00661BF8A6E200464F24 /* POIBaseActionSheet.h */,
				BDFA00671BF8A6E200464F24 /* POIBaseActionSheet.m */,
			);
			name = sheet;
			sourceTree = "<group>";
		};
		BDFA00721BF8AB4000464F24 /* Controllers */ = {
			isa = PBXGroup;
			children = (
				BDFA00731BF8ABA800464F24 /* POIButtonActionSheetController.h */,
				BDFA00741BF8ABA800464F24 /* POIButtonActionSheetController.m */,
				BDBE09A01BF8B6C90077D9EA /* POICustomActionSheetViewController.h */,
				BDBE09A11BF8B6C90077D9EA /* POICustomActionSheetViewController.m */,
			);
			name = Controllers;
			sourceTree = "<group>";
		};
/* End PBXGroup section */

/* Begin PBXNativeTarget section */
		BDFA004B1BF8A31800464F24 /* POIActionSheet */ = {
			isa = PBXNativeTarget;
			buildConfigurationList = BDFA00631BF8A31800464F24 /* Build configuration list for PBXNativeTarget "POIActionSheet" */;
			buildPhases = (
				BDFA00481BF8A31800464F24 /* Sources */,
				BDFA00491BF8A31800464F24 /* Frameworks */,
				BDFA004A1BF8A31800464F24 /* Resources */,
			);
			buildRules = (
			);
			dependencies = (
			);
			name = POIActionSheet;
			productName = POIActionSheet;
			productReference = BDFA004C1BF8A31800464F24 /* POIActionSheet.app */;
			productType = "com.apple.product-type.application";
		};
/* End PBXNativeTarget section */

/* Begin PBXProject section */
		BDFA00441BF8A31800464F24 /* Project object */ = {
			isa = PBXProject;
			attributes = {
				LastUpgradeCheck = 0710;
				ORGANIZATIONNAME = yaoning;
				TargetAttributes = {
					BDFA004B1BF8A31800464F24 = {
						CreatedOnToolsVersion = 7.1;
					};
				};
			};
			buildConfigurationList = BDFA00471BF8A31800464F24 /* Build configuration list for PBXProject "POIActionSheet" */;
			compatibilityVersion = "Xcode 3.2";
			developmentRegion = English;
			hasScannedForEncodings = 0;
			knownRegions = (
				en,
				Base,
			);
			mainGroup = BDFA00431BF8A31800464F24;
			productRefGroup = BDFA004D1BF8A31800464F24 /* Products */;
			projectDirPath = "";
			projectRoot = "";
			targets = (
				BDFA004B1BF8A31800464F24 /* POIActionSheet */,
			);
		};
/* End PBXProject section */

/* Begin PBXResourcesBuildPhase section */
		BDFA004A1BF8A31800464F24 /* Resources */ = {
			isa = PBXResourcesBuildPhase;
			buildActionMask = 2147483647;
			files = (
				BDFA005F1BF8A31800464F24 /* LaunchScreen.storyboard in Resources */,
				BDFA005C1BF8A31800464F24 /* Assets.xcassets in Resources */,
				BDFA005A1BF8A31800464F24 /* Main.storyboard in Resources */,
			);
			runOnlyForDeploymentPostprocessing = 0;
		};
/* End PBXResourcesBuildPhase section */

/* Begin PBXSourcesBuildPhase section */
		BDFA00481BF8A31800464F24 /* Sources */ = {
			isa = PBXSourcesBuildPhase;
			buildActionMask = 2147483647;
			files = (
				BDBE09A21BF8B6C90077D9EA /* POICustomActionSheetViewController.m in Sources */,
				BDFA00751BF8ABA800464F24 /* POIButtonActionSheetController.m in Sources */,
				BDFA00571BF8A31800464F24 /* ViewController.m in Sources */,
				BDBE099E1BF8B4DB0077D9EA /* POICustomViewActionSheet.m in Sources */,
				BDFA00681BF8A6E200464F24 /* POIBaseActionSheet.m in Sources */,
				BDFA00541BF8A31800464F24 /* AppDelegate.m in Sources */,
				BDFA00511BF8A31800464F24 /* main.m in Sources */,
				BDFA006F1BF8A71500464F24 /* POIButtonActionSheet.m in Sources */,
			);
			runOnlyForDeploymentPostprocessing = 0;
		};
/* End PBXSourcesBuildPhase section */

/* Begin PBXVariantGroup section */
		BDFA00581BF8A31800464F24 /* Main.storyboard */ = {
			isa = PBXVariantGroup;
			children = (
				BDFA00591BF8A31800464F24 /* Base */,
			);
			name = Main.storyboard;
			sourceTree = "<group>";
		};
		BDFA005D1BF8A31800464F24 /* LaunchScreen.storyboard */ = {
			isa = PBXVariantGroup;
			children = (
				BDFA005E1BF8A31800464F24 /* Base */,
			);
			name = LaunchScreen.storyboard;
			sourceTree = "<group>";
		};
/* End PBXVariantGroup section */

/* Begin XCBuildConfiguration section */
		BDFA00611BF8A31800464F24 /* Debug */ = {
			isa = XCBuildConfiguration;
			buildSettings = {
				ALWAYS_SEARCH_USER_PATHS = NO;
				CLANG_CXX_LANGUAGE_STANDARD = "gnu++0x";
				CLANG_CXX_LIBRARY = "libc++";
				CLANG_ENABLE_MODULES = YES;
				CLANG_ENABLE_OBJC_ARC = YES;
				CLANG_WARN_BOOL_CONVERSION = YES;
				CLANG_WARN_CONSTANT_CONVERSION = YES;
				CLANG_WARN_DIRECT_OBJC_ISA_USAGE = YES_ERROR;
				CLANG_WARN_EMPTY_BODY = YES;
				CLANG_WARN_ENUM_CONVERSION = YES;
				CLANG_WARN_INT_CONVERSION = YES;
				CLANG_WARN_OBJC_ROOT_CLASS = YES_ERROR;
				CLANG_WARN_UNREACHABLE_CODE = YES;
				CLANG_WARN__DUPLICATE_METHOD_MATCH = YES;
				"CODE_SIGN_IDENTITY[sdk=iphoneos*]" = "iPhone Developer";
				COPY_PHASE_STRIP = NO;
				DEBUG_INFORMATION_FORMAT = dwarf;
				ENABLE_STRICT_OBJC_MSGSEND = YES;
				ENABLE_TESTABILITY = YES;
				GCC_C_LANGUAGE_STANDARD = gnu99;
				GCC_DYNAMIC_NO_PIC = NO;
				GCC_NO_COMMON_BLOCKS = YES;
				GCC_OPTIMIZATION_LEVEL = 0;
				GCC_PREPROCESSOR_DEFINITIONS = (
					"DEBUG=1",
					"$(inherited)",
				);
				GCC_WARN_64_TO_32_BIT_CONVERSION = YES;
				GCC_WARN_ABOUT_RETURN_TYPE = YES_ERROR;
				GCC_WARN_UNDECLARED_SELECTOR = YES;
				GCC_WARN_UNINITIALIZED_AUTOS = YES_AGGRESSIVE;
				GCC_WARN_UNUSED_FUNCTION = YES;
				GCC_WARN_UNUSED_VARIABLE = YES;
				IPHONEOS_DEPLOYMENT_TARGET = 9.1;
				MTL_ENABLE_DEBUG_INFO = YES;
				ONLY_ACTIVE_ARCH = YES;
				SDKROOT = iphoneos;
			};
			name = Debug;
		};
		BDFA00621BF8A31800464F24 /* Release */ = {
			isa = XCBuildConfiguration;
			buildSettings = {
				ALWAYS_SEARCH_USER_PATHS = NO;
				CLANG_CXX_LANGUAGE_STANDARD = "gnu++0x";
				CLANG_CXX_LIBRARY = "libc++";
				CLANG_ENABLE_MODULES = YES;
				CLANG_ENABLE_OBJC_ARC = YES;
				CLANG_WARN_BOOL_CONVERSION = YES;
				CLANG_WARN_CONSTANT_CONVERSION = YES;
				CLANG_WARN_DIRECT_OBJC_ISA_USAGE = YES_ERROR;
				CLANG_WARN_EMPTY_BODY = YES;
				CLANG_WARN_ENUM_CONVERSION = YES;
				CLANG_WARN_INT_CONVERSION = YES;
				CLANG_WARN_OBJC_ROOT_CLASS = YES_ERROR;
				CLANG_WARN_UNREACHABLE_CODE = YES;
				CLANG_WARN__DUPLICATE_METHOD_MATCH = YES;
				"CODE_SIGN_IDENTITY[sdk=iphoneos*]" = "iPhone Developer";
				COPY_PHASE_STRIP = NO;
				DEBUG_INFORMATION_FORMAT = "dwarf-with-dsym";
				ENABLE_NS_ASSERTIONS = NO;
				ENABLE_STRICT_OBJC_MSGSEND = YES;
				GCC_C_LANGUAGE_STANDARD = gnu99;
				GCC_NO_COMMON_BLOCKS = YES;
				GCC_WARN_64_TO_32_BIT_CONVERSION = YES;
				GCC_WARN_ABOUT_RETURN_TYPE = YES_ERROR;
				GCC_WARN_UNDECLARED_SELECTOR = YES;
				GCC_WARN_UNINITIALIZED_AUTOS = YES_AGGRESSIVE;
				GCC_WARN_UNUSED_FUNCTION = YES;
				GCC_WARN_UNUSED_VARIABLE = YES;
				IPHONEOS_DEPLOYMENT_TARGET = 9.1;
				MTL_ENABLE_DEBUG_INFO = NO;
				SDKROOT = iphoneos;
				VALIDATE_PRODUCT = YES;
			};
			name = Release;
		};
		BDFA00641BF8A31800464F24 /* Debug */ = {
			isa = XCBuildConfiguration;
			buildSettings = {
				ASSETCATALOG_COMPILER_APPICON_NAME = AppIcon;
				CLANG_ENABLE_MODULES = YES;
				INFOPLIST_FILE = POIActionSheet/Info.plist;
				LD_RUNPATH_SEARCH_PATHS = "$(inherited) @executable_path/Frameworks";
				PRODUCT_BUNDLE_IDENTIFIER = com.yabadun.actionSheet.POIActionSheet;
				PRODUCT_NAME = "$(TARGET_NAME)";
				SWIFT_OPTIMIZATION_LEVEL = "-Onone";
			};
			name = Debug;
		};
		BDFA00651BF8A31800464F24 /* Release */ = {
			isa = XCBuildConfiguration;
			buildSettings = {
				ASSETCATALOG_COMPILER_APPICON_NAME = AppIcon;
				CLANG_ENABLE_MODULES = YES;
				INFOPLIST_FILE = POIActionSheet/Info.plist;
				LD_RUNPATH_SEARCH_PATHS = "$(inherited) @executable_path/Frameworks";
				PRODUCT_BUNDLE_IDENTIFIER = com.yabadun.actionSheet.POIActionSheet;
				PRODUCT_NAME = "$(TARGET_NAME)";
			};
			name = Release;
		};
/* End XCBuildConfiguration section */

/* Begin XCConfigurationList section */
		BDFA00471BF8A31800464F24 /* Build configuration list for PBXProject "POIActionSheet" */ = {
			isa = XCConfigurationList;
			buildConfigurations = (
				BDFA00611BF8A31800464F24 /* Debug */,
				BDFA00621BF8A31800464F24 /* Release */,
			);
			defaultConfigurationIsVisible = 0;
			defaultConfigurationName = Release;
		};
		BDFA00631BF8A31800464F24 /* Build configuration list for PBXNativeTarget "POIActionSheet" */ = {
			isa = XCConfigurationList;
			buildConfigurations = (
				BDFA00641BF8A31800464F24 /* Debug */,
				BDFA00651BF8A31800464F24 /* Release */,
			);
			defaultConfigurationIsVisible = 0;
			defaultConfigurationName = Release;
		};
/* End XCConfigurationList section */
	};
	rootObject = BDFA00441BF8A31800464F24 /* Project object */;
}
